// !$*UTF8*$!
{
	archiveVersion = 1;
	classes = {
	};
	objectVersion = 46;
	objects = {

/* Begin PBXBuildFile section */
		CBF765BA1CB620BE00DD660C /* main.cpp in Sources */ = {isa = PBXBuildFile; fileRef = CBF765B91CB620BE00DD660C /* main.cpp */; };
/* End PBXBuildFile section */

/* Begin PBXCopyFilesBuildPhase section */
		CBF765B41CB620BE00DD660C /* CopyFiles */ = {
			isa = PBXCopyFilesBuildPhase;
			buildActionMask = 2147483647;
			dstPath = /usr/share/man/man1/;
			dstSubfolderSpec = 0;
			files = (
			);
			runOnlyForDeploymentPostprocessing = 1;
		};
/* End PBXCopyFilesBuildPhase section */

/* Begin PBXFileReference section */
		CBF765B61CB620BE00DD660C /* C++的熟练使用范例 */ = {isa = PBXFileReference; explicitFileType = "compiled.mach-o.executable"; includeInIndex = 0; path = "C++的熟练使用范例"; sourceTree = BUILT_PRODUCTS_DIR; };
		CBF765B91CB620BE00DD660C /* main.cpp */ = {isa = PBXFileReference; lastKnownFileType = sourcecode.cpp.cpp; path = main.cpp; sourceTree = "<group>"; };
/* End PBXFileReference section */

/* Begin PBXFrameworksBuildPhase section */
		CBF765B31CB620BE00DD660C /* Frameworks */ = {
			isa = PBXFrameworksBuildPhase;
			buildActionMask = 2147483647;
			files = (
			);
			runOnlyForDeploymentPostprocessing = 0;
		};
/* End PBXFrameworksBuildPhase section */

/* Begin PBXGroup section */
		CBF765AD1CB620BE00DD660C = {
			isa = PBXGroup;
			children = (
				CBF765B81CB620BE00DD660C /* C++的熟练使用范例 */,
				CBF765B71CB620BE00DD660C /* Products */,
			);
			sourceTree = "<group>";
		};
		CBF765B71CB620BE00DD660C /* Products */ = {
			isa = PBXGroup;
			children = (
				CBF765B61CB620BE00DD660C /* C++的熟练使用范例 */,
			);
			name = Products;
			sourceTree = "<group>";
		};
		CBF765B81CB620BE00DD660C /* C++的熟练使用范例 */ = {
			isa = PBXGroup;
			children = (
				CBF765B91CB620BE00DD660C /* main.cpp */,
			);
			path = "C++的熟练使用范例";
			sourceTree = "<group>";
		};
/* End PBXGroup section */

/* Begin PBXNativeTarget section */
		CBF765B51CB620BE00DD660C /* C++的熟练使用范例 */ = {
			isa = PBXNativeTarget;
			buildConfigurationList = CBF765BD1CB620BE00DD660C /* Build configuration list for PBXNativeTarget "C++的熟练使用范例" */;
			buildPhases = (
				CBF765B21CB620BE00DD660C /* Sources */,
				CBF765B31CB620BE00DD660C /* Frameworks */,
				CBF765B41CB620BE00DD660C /* CopyFiles */,
			);
			buildRules = (
			);
			dependencies = (
			);
			name = "C++的熟练使用范例";
			productName = "C++的熟练使用范例";
			productReference = CBF765B61CB620BE00DD660C /* C++的熟练使用范例 */;
			productType = "com.apple.product-type.tool";
		};
/* End PBXNativeTarget section */

/* Begin PBXProject section */
		CBF765AE1CB620BE00DD660C /* Project object */ = {
			isa = PBXProject;
			attributes = {
				LastUpgradeCheck = 0720;
				ORGANIZATIONNAME = JW;
				TargetAttributes = {
					CBF765B51CB620BE00DD660C = {
						CreatedOnToolsVersion = 7.2;
					};
				};
			};
			buildConfigurationList = CBF765B11CB620BE00DD660C /* Build configuration list for PBXProject "C++的熟练使用范例" */;
			compatibilityVersion = "Xcode 3.2";
			developmentRegion = English;
			hasScannedForEncodings = 0;
			knownRegions = (
				en,
			);
			mainGroup = CBF765AD1CB620BE00DD660C;
			productRefGroup = CBF765B71CB620BE00DD660C /* Products */;
			projectDirPath = "";
			projectRoot = "";
			targets = (
				CBF765B51CB620BE00DD660C /* C++的熟练使用范例 */,
			);
		};
/* End PBXProject section */

/* Begin PBXSourcesBuildPhase section */
		CBF765B21CB620BE00DD660C /* Sources */ = {
			isa = PBXSourcesBuildPhase;
			buildActionMask = 2147483647;
			files = (
				CBF765BA1CB620BE00DD660C /* main.cpp in Sources */,
			);
			runOnlyForDeploymentPostprocessing = 0;
		};
/* End PBXSourcesBuildPhase section */

/* Begin XCBuildConfiguration section */
		CBF765BB1CB620BE00DD660C /* Debug */ = {
			isa = XCBuildConfiguration;
			buildSettings = {
				ALWAYS_SEARCH_USER_PATHS = NO;
				CLANG_CXX_LANGUAGE_STANDARD = "gnu++0x";
				CLANG_CXX_LIBRARY = "libc++";
				CLANG_ENABLE_MODULES = YES;
				CLANG_ENABLE_OBJC_ARC = YES;
				CLANG_WARN_BOOL_CONVERSION = YES;
				CLANG_WARN_CONSTANT_CONVERSION = YES;
				CLANG_WARN_DIRECT_OBJC_ISA_USAGE = YES_ERROR;
				CLANG_WARN_EMPTY_BODY = YES;
				CLANG_WARN_ENUM_CONVERSION = YES;
				CLANG_WARN_INT_CONVERSION = YES;
				CLANG_WARN_OBJC_ROOT_CLASS = YES_ERROR;
				CLANG_WARN_UNREACHABLE_CODE = YES;
				CLANG_WARN__DUPLICATE_METHOD_MATCH = YES;
				CODE_SIGN_IDENTITY = "-";
				COPY_PHASE_STRIP = NO;
				DEBUG_INFORMATION_FORMAT = dwarf;
				ENABLE_STRICT_OBJC_MSGSEND = YES;
				ENABLE_TESTABILITY = YES;
				GCC_C_LANGUAGE_STANDARD = gnu99;
				GCC_DYNAMIC_NO_PIC = NO;
				GCC_NO_COMMON_BLOCKS = YES;
				GCC_OPTIMIZATION_LEVEL = 0;
				GCC_PREPROCESSOR_DEFINITIONS = (
					"DEBUG=1",
					"$(inherited)",
				);
				GCC_WARN_64_TO_32_BIT_CONVERSION = YES;
				GCC_WARN_ABOUT_RETURN_TYPE = YES_ERROR;
				GCC_WARN_UNDECLARED_SELECTOR = YES;
				GCC_WARN_UNINITIALIZED_AUTOS = YES_AGGRESSIVE;
				GCC_WARN_UNUSED_FUNCTION = YES;
				GCC_WARN_UNUSED_VARIABLE = YES;
				MACOSX_DEPLOYMENT_TARGET = 10.11;
				MTL_ENABLE_DEBUG_INFO = YES;
				ONLY_ACTIVE_ARCH = YES;
				SDKROOT = macosx;
			};
			name = Debug;
		};
		CBF765BC1CB620BE00DD660C /* Release */ = {
			isa = XCBuildConfiguration;
			buildSettings = {
				ALWAYS_SEARCH_USER_PATHS = NO;
				CLANG_CXX_LANGUAGE_STANDARD = "gnu++0x";
				CLANG_CXX_LIBRARY = "libc++";
				CLANG_ENABLE_MODULES = YES;
				CLANG_ENABLE_OBJC_ARC = YES;
				CLANG_WARN_BOOL_CONVERSION = YES;
				CLANG_WARN_CONSTANT_CONVERSION = YES;
				CLANG_WARN_DIRECT_OBJC_ISA_USAGE = YES_ERROR;
				CLANG_WARN_EMPTY_BODY = YES;
				CLANG_WARN_ENUM_CONVERSION = YES;
				CLANG_WARN_INT_CONVERSION = YES;
				CLANG_WARN_OBJC_ROOT_CLASS = YES_ERROR;
				CLANG_WARN_UNREACHABLE_CODE = YES;
				CLANG_WARN__DUPLICATE_METHOD_MATCH = YES;
				CODE_SIGN_IDENTITY = "-";
				COPY_PHASE_STRIP = NO;
				DEBUG_INFORMATION_FORMAT = "dwarf-with-dsym";
				ENABLE_NS_ASSERTIONS = NO;
				ENABLE_STRICT_OBJC_MSGSEND = YES;
				GCC_C_LANGUAGE_STANDARD = gnu99;
				GCC_NO_COMMON_BLOCKS = YES;
				GCC_WARN_64_TO_32_BIT_CONVERSION = YES;
				GCC_WARN_ABOUT_RETURN_TYPE = YES_ERROR;
				GCC_WARN_UNDECLARED_SELECTOR = YES;
				GCC_WARN_UNINITIALIZED_AUTOS = YES_AGGRESSIVE;
				GCC_WARN_UNUSED_FUNCTION = YES;
				GCC_WARN_UNUSED_VARIABLE = YES;
				MACOSX_DEPLOYMENT_TARGET = 10.11;
				MTL_ENABLE_DEBUG_INFO = NO;
				SDKROOT = macosx;
			};
			name = Release;
		};
		CBF765BE1CB620BE00DD660C /* Debug */ = {
			isa = XCBuildConfiguration;
			buildSettings = {
				PRODUCT_NAME = "$(TARGET_NAME)";
			};
			name = Debug;
		};
		CBF765BF1CB620BE00DD660C /* Release */ = {
			isa = XCBuildConfiguration;
			buildSettings = {
				PRODUCT_NAME = "$(TARGET_NAME)";
			};
			name = Release;
		};
/* End XCBuildConfiguration section */

/* Begin XCConfigurationList section */
		CBF765B11CB620BE00DD660C /* Build configuration list for PBXProject "C++的熟练使用范例" */ = {
			isa = XCConfigurationList;
			buildConfigurations = (
				CBF765BB1CB620BE00DD660C /* Debug */,
				CBF765BC1CB620BE00DD660C /* Release */,
			);
			defaultConfigurationIsVisible = 0;
			defaultConfigurationName = Release;
		};
		CBF765BD1CB620BE00DD660C /* Build configuration list for PBXNativeTarget "C++的熟练使用范例" */ = {
			isa = XCConfigurationList;
			buildConfigurations = (
				CBF765BE1CB620BE00DD660C /* Debug */,
				CBF765BF1CB620BE00DD660C /* Release */,
			);
			defaultConfigurationIsVisible = 0;
		};
/* End XCConfigurationList section */
	};
	rootObject = CBF765AE1CB620BE00DD660C /* Project object */;
}
